
Microsoft Visual Studio Solution File, Format Version 12.00
# Visual Studio Version 17
VisualStudioVersion = 17.2.32602.215
MinimumVisualStudioVersion = 10.0.40219.1
Project("{FAE04EC0-301F-11D3-BF4B-00C04F79EFBC}") = "API", "API\API.csproj", "{DBEB7345-1C4D-4B69-8C3B-D72330B80496}"
EndProject
Global
	GlobalSection(SolutionConfigurationPlatforms) = preSolution
		Debug|Any CPU = Debug|Any CPU
		Release|Any CPU = Release|Any CPU
	EndGlobalSection
	GlobalSection(ProjectConfigurationPlatforms) = postSolution
		{DBEB7345-1C4D-4B69-8C3B-D72330B80496}.Debug|Any CPU.ActiveCfg = Debug|Any CPU
		{DBEB7345-1C4D-4B69-8C3B-D72330B80496}.Debug|Any CPU.Build.0 = Debug|Any CPU
		{DBEB7345-1C4D-4B69-8C3B-D72330B80496}.Release|Any CPU.ActiveCfg = Release|Any CPU
		{DBEB7345-1C4D-4B69-8C3B-D72330B80496}.Release|Any CPU.Build.0 = Release|Any CPU
	EndGlobalSection
	GlobalSection(SolutionProperties) = preSolution
		HideSolutionNode = FALSE
	EndGlobalSection
	GlobalSection(ExtensibilityGlobals) = postSolution
		SolutionGuid = {ACBA0498-AEA4-416E-BF37-AEDF077CD82E}
	EndGlobalSection
EndGlobal
